
Microsoft Visual Studio Solution File, Format Version 12.00
# Visual Studio 15
VisualStudioVersion = 15.0.26430.16
MinimumVisualStudioVersion = 10.0.40219.1
Project("{FAE04EC0-301F-11D3-BF4B-00C04F79EFBC}") = "CourseRegistrationSystem", "CourseRegistrationSystem\CourseRegistrationSystem.csproj", "{ADA1EB4D-6029-4087-8BE7-DCD311C73ECF}"
EndProject
Global
	GlobalSection(SolutionConfigurationPlatforms) = preSolution
		Debug|Any CPU = Debug|Any CPU
		Release|Any CPU = Release|Any CPU
	EndGlobalSection
	GlobalSection(ProjectConfigurationPlatforms) = postSolution
		{ADA1EB4D-6029-4087-8BE7-DCD311C73ECF}.Debug|Any CPU.ActiveCfg = Debug|Any CPU
		{ADA1EB4D-6029-4087-8BE7-DCD311C73ECF}.Debug|Any CPU.Build.0 = Debug|Any CPU
		{ADA1EB4D-6029-4087-8BE7-DCD311C73ECF}.Release|Any CPU.ActiveCfg = Release|Any CPU
		{ADA1EB4D-6029-4087-8BE7-DCD311C73ECF}.Release|Any CPU.Build.0 = Release|Any CPU
	EndGlobalSection
	GlobalSection(SolutionProperties) = preSolution
		HideSolutionNode = FALSE
	EndGlobalSection
EndGlobal
